
Microsoft Visual Studio Solution File, Format Version 12.00
# Visual Studio Version 17
VisualStudioVersion = 17.8.34330.188
MinimumVisualStudioVersion = 10.0.40219.1
Project("{9A19103F-16F7-4668-BE54-9A1E7A4F7556}") = "SampleApp.API", "SampleApp.API\SampleApp.API.csproj", "{D48581CC-2402-4B80-8374-BB918A9C20F6}"
EndProject
Project("{9A19103F-16F7-4668-BE54-9A1E7A4F7556}") = "SampleApp.Domain", "SampleApp.Domain\SampleApp.Domain.csproj", "{5A454D00-5829-48F8-92C5-3A73A0867BBB}"
EndProject
Global
	GlobalSection(SolutionConfigurationPlatforms) = preSolution
		Debug|Any CPU = Debug|Any CPU
		Release|Any CPU = Release|Any CPU
	EndGlobalSection
	GlobalSection(ProjectConfigurationPlatforms) = postSolution
		{D48581CC-2402-4B80-8374-BB918A9C20F6}.Debug|Any CPU.ActiveCfg = Debug|Any CPU
		{D48581CC-2402-4B80-8374-BB918A9C20F6}.Debug|Any CPU.Build.0 = Debug|Any CPU
		{D48581CC-2402-4B80-8374-BB918A9C20F6}.Release|Any CPU.ActiveCfg = Release|Any CPU
		{D48581CC-2402-4B80-8374-BB918A9C20F6}.Release|Any CPU.Build.0 = Release|Any CPU
		{5A454D00-5829-48F8-92C5-3A73A0867BBB}.Debug|Any CPU.ActiveCfg = Debug|Any CPU
		{5A454D00-5829-48F8-92C5-3A73A0867BBB}.Debug|Any CPU.Build.0 = Debug|Any CPU
		{5A454D00-5829-48F8-92C5-3A73A0867BBB}.Release|Any CPU.ActiveCfg = Release|Any CPU
		{5A454D00-5829-48F8-92C5-3A73A0867BBB}.Release|Any CPU.Build.0 = Release|Any CPU
	EndGlobalSection
	GlobalSection(SolutionProperties) = preSolution
		HideSolutionNode = FALSE
	EndGlobalSection
	GlobalSection(ExtensibilityGlobals) = postSolution
		SolutionGuid = {07E2DC9C-E0D9-454B-9480-E44D66D23673}
	EndGlobalSection
EndGlobal
